
Microsoft Visual Studio Solution File, Format Version 12.00
# Visual Studio Version 16
VisualStudioVersion = 16.0.32901.82
MinimumVisualStudioVersion = 10.0.40219.1
Project("{9A19103F-16F7-4668-BE54-9A1E7A4F7556}") = "GreenFateIcon", "GreenFateIcon.csproj", "{A3640540-CF52-4567-98B4-F3B6E0F55BAD}"
EndProject
Global
	GlobalSection(SolutionConfigurationPlatforms) = preSolution
		Debug|Any CPU = Debug|Any CPU
		Release|Any CPU = Release|Any CPU
	EndGlobalSection
	GlobalSection(ProjectConfigurationPlatforms) = postSolution
		{A3640540-CF52-4567-98B4-F3B6E0F55BAD}.Debug|Any CPU.ActiveCfg = Debug|Any CPU
		{A3640540-CF52-4567-98B4-F3B6E0F55BAD}.Debug|Any CPU.Build.0 = Debug|Any CPU
		{A3640540-CF52-4567-98B4-F3B6E0F55BAD}.Release|Any CPU.ActiveCfg = Release|Any CPU
		{A3640540-CF52-4567-98B4-F3B6E0F55BAD}.Release|Any CPU.Build.0 = Release|Any CPU
	EndGlobalSection
	GlobalSection(SolutionProperties) = preSolution
		HideSolutionNode = FALSE
	EndGlobalSection
	GlobalSection(ExtensibilityGlobals) = postSolution
		SolutionGuid = {7B6C022C-E59E-4821-9126-F0797C91F6F6}
	EndGlobalSection
EndGlobal
